// !$*UTF8*$!
{
	archiveVersion = 1;
	classes = {
	};
	objectVersion = 46;
	objects = {

/* Begin PBXBuildFile section */
		F406D5A31D6F1003004718FE /* books.png in Resources */ = {isa = PBXBuildFile; fileRef = F406D5A21D6F1003004718FE /* books.png */; };
		F406D5A51D6F1136004718FE /* gestures.png in Resources */ = {isa = PBXBuildFile; fileRef = F406D5A41D6F1136004718FE /* gestures.png */; };
		F40FD3DE1D6EE72400A6CC2D /* AppDelegate.swift in Sources */ = {isa = PBXBuildFile; fileRef = F40FD3DD1D6EE72400A6CC2D /* AppDelegate.swift */; };
		F40FD3E31D6EE72400A6CC2D /* Main.storyboard in Resources */ = {isa = PBXBuildFile; fileRef = F40FD3E11D6EE72400A6CC2D /* Main.storyboard */; };
		F40FD3E51D6EE72400A6CC2D /* Assets.xcassets in Resources */ = {isa = PBXBuildFile; fileRef = F40FD3E41D6EE72400A6CC2D /* Assets.xcassets */; };
		F40FD3E81D6EE72400A6CC2D /* LaunchScreen.storyboard in Resources */ = {isa = PBXBuildFile; fileRef = F40FD3E61D6EE72400A6CC2D /* LaunchScreen.storyboard */; };
		F40FD3F01D6EE91600A6CC2D /* MasterTableVC.swift in Sources */ = {isa = PBXBuildFile; fileRef = F40FD3EF1D6EE91600A6CC2D /* MasterTableVC.swift */; };
		F40FD3F91D6F0F2900A6CC2D /* alcohol.png in Resources */ = {isa = PBXBuildFile; fileRef = F40FD3F21D6F0F2900A6CC2D /* alcohol.png */; };
		F40FD3FA1D6F0F2900A6CC2D /* animals.png in Resources */ = {isa = PBXBuildFile; fileRef = F40FD3F31D6F0F2900A6CC2D /* animals.png */; };
		F40FD3FB1D6F0F2900A6CC2D /* birthdays.png in Resources */ = {isa = PBXBuildFile; fileRef = F40FD3F41D6F0F2900A6CC2D /* birthdays.png */; };
		F40FD3FC1D6F0F2900A6CC2D /* fruits.png in Resources */ = {isa = PBXBuildFile; fileRef = F40FD3F51D6F0F2900A6CC2D /* fruits.png */; };
		F40FD3FD1D6F0F2900A6CC2D /* games.png in Resources */ = {isa = PBXBuildFile; fileRef = F40FD3F61D6F0F2900A6CC2D /* games.png */; };
		F40FD3FE1D6F0F2900A6CC2D /* homes.png in Resources */ = {isa = PBXBuildFile; fileRef = F40FD3F71D6F0F2900A6CC2D /* homes.png */; };
		F40FD3FF1D6F0F2900A6CC2D /* transportation.png in Resources */ = {isa = PBXBuildFile; fileRef = F40FD3F81D6F0F2900A6CC2D /* transportation.png */; };
/* End PBXBuildFile section */

/* Begin PBXFileReference section */
		F406D5A21D6F1003004718FE /* books.png */ = {isa = PBXFileReference; lastKnownFileType = image.png; path = books.png; sourceTree = "<group>"; };
		F406D5A41D6F1136004718FE /* gestures.png */ = {isa = PBXFileReference; lastKnownFileType = image.png; path = gestures.png; sourceTree = "<group>"; };
		F40FD3DA1D6EE72400A6CC2D /* English4Kids.app */ = {isa = PBXFileReference; explicitFileType = wrapper.application; includeInIndex = 0; path = English4Kids.app; sourceTree = BUILT_PRODUCTS_DIR; };
		F40FD3DD1D6EE72400A6CC2D /* AppDelegate.swift */ = {isa = PBXFileReference; lastKnownFileType = sourcecode.swift; path = AppDelegate.swift; sourceTree = "<group>"; };
		F40FD3E21D6EE72400A6CC2D /* Base */ = {isa = PBXFileReference; lastKnownFileType = file.storyboard; name = Base; path = Base.lproj/Main.storyboard; sourceTree = "<group>"; };
		F40FD3E41D6EE72400A6CC2D /* Assets.xcassets */ = {isa = PBXFileReference; lastKnownFileType = folder.assetcatalog; path = Assets.xcassets; sourceTree = "<group>"; };
		F40FD3E71D6EE72400A6CC2D /* Base */ = {isa = PBXFileReference; lastKnownFileType = file.storyboard; name = Base; path = Base.lproj/LaunchScreen.storyboard; sourceTree = "<group>"; };
		F40FD3E91D6EE72400A6CC2D /* Info.plist */ = {isa = PBXFileReference; lastKnownFileType = text.plist.xml; path = Info.plist; sourceTree = "<group>"; };
		F40FD3EF1D6EE91600A6CC2D /* MasterTableVC.swift */ = {isa = PBXFileReference; fileEncoding = 4; lastKnownFileType = sourcecode.swift; path = MasterTableVC.swift; sourceTree = "<group>"; };
		F40FD3F21D6F0F2900A6CC2D /* alcohol.png */ = {isa = PBXFileReference; lastKnownFileType = image.png; path = alcohol.png; sourceTree = "<group>"; };
		F40FD3F31D6F0F2900A6CC2D /* animals.png */ = {isa = PBXFileReference; lastKnownFileType = image.png; path = animals.png; sourceTree = "<group>"; };
		F40FD3F41D6F0F2900A6CC2D /* birthdays.png */ = {isa = PBXFileReference; lastKnownFileType = image.png; path = birthdays.png; sourceTree = "<group>"; };
		F40FD3F51D6F0F2900A6CC2D /* fruits.png */ = {isa = PBXFileReference; lastKnownFileType = image.png; path = fruits.png; sourceTree = "<group>"; };
		F40FD3F61D6F0F2900A6CC2D /* games.png */ = {isa = PBXFileReference; lastKnownFileType = image.png; path = games.png; sourceTree = "<group>"; };
		F40FD3F71D6F0F2900A6CC2D /* homes.png */ = {isa = PBXFileReference; lastKnownFileType = image.png; path = homes.png; sourceTree = "<group>"; };
		F40FD3F81D6F0F2900A6CC2D /* transportation.png */ = {isa = PBXFileReference; lastKnownFileType = image.png; path = transportation.png; sourceTree = "<group>"; };
/* End PBXFileReference section */

/* Begin PBXFrameworksBuildPhase section */
		F40FD3D71D6EE72400A6CC2D /* Frameworks */ = {
			isa = PBXFrameworksBuildPhase;
			buildActionMask = 2147483647;
			files = (
			);
			runOnlyForDeploymentPostprocessing = 0;
		};
/* End PBXFrameworksBuildPhase section */

/* Begin PBXGroup section */
		F40FD3D11D6EE72400A6CC2D = {
			isa = PBXGroup;
			children = (
				F40FD3DC1D6EE72400A6CC2D /* English4Kids */,
				F40FD3DB1D6EE72400A6CC2D /* Products */,
			);
			sourceTree = "<group>";
		};
		F40FD3DB1D6EE72400A6CC2D /* Products */ = {
			isa = PBXGroup;
			children = (
				F40FD3DA1D6EE72400A6CC2D /* English4Kids.app */,
			);
			name = Products;
			sourceTree = "<group>";
		};
		F40FD3DC1D6EE72400A6CC2D /* English4Kids */ = {
			isa = PBXGroup;
			children = (
				F40FD3F11D6F0F1B00A6CC2D /* Resource */,
				F40FD3DD1D6EE72400A6CC2D /* AppDelegate.swift */,
				F40FD3E11D6EE72400A6CC2D /* Main.storyboard */,
				F40FD3E41D6EE72400A6CC2D /* Assets.xcassets */,
				F40FD3E61D6EE72400A6CC2D /* LaunchScreen.storyboard */,
				F40FD3E91D6EE72400A6CC2D /* Info.plist */,
				F40FD3EF1D6EE91600A6CC2D /* MasterTableVC.swift */,
			);
			path = English4Kids;
			sourceTree = "<group>";
		};
		F40FD3F11D6F0F1B00A6CC2D /* Resource */ = {
			isa = PBXGroup;
			children = (
				F406D5A41D6F1136004718FE /* gestures.png */,
				F40FD3F21D6F0F2900A6CC2D /* alcohol.png */,
				F40FD3F31D6F0F2900A6CC2D /* animals.png */,
				F40FD3F41D6F0F2900A6CC2D /* birthdays.png */,
				F40FD3F51D6F0F2900A6CC2D /* fruits.png */,
				F40FD3F61D6F0F2900A6CC2D /* games.png */,
				F40FD3F71D6F0F2900A6CC2D /* homes.png */,
				F40FD3F81D6F0F2900A6CC2D /* transportation.png */,
				F406D5A21D6F1003004718FE /* books.png */,
			);
			name = Resource;
			sourceTree = "<group>";
		};
/* End PBXGroup section */

/* Begin PBXNativeTarget section */
		F40FD3D91D6EE72400A6CC2D /* English4Kids */ = {
			isa = PBXNativeTarget;
			buildConfigurationList = F40FD3EC1D6EE72400A6CC2D /* Build configuration list for PBXNativeTarget "English4Kids" */;
			buildPhases = (
				F40FD3D61D6EE72400A6CC2D /* Sources */,
				F40FD3D71D6EE72400A6CC2D /* Frameworks */,
				F40FD3D81D6EE72400A6CC2D /* Resources */,
			);
			buildRules = (
			);
			dependencies = (
			);
			name = English4Kids;
			productName = English4Kids;
			productReference = F40FD3DA1D6EE72400A6CC2D /* English4Kids.app */;
			productType = "com.apple.product-type.application";
		};
/* End PBXNativeTarget section */

/* Begin PBXProject section */
		F40FD3D21D6EE72400A6CC2D /* Project object */ = {
			isa = PBXProject;
			attributes = {
				LastSwiftUpdateCheck = 0730;
				LastUpgradeCheck = 0730;
				ORGANIZATIONNAME = GDG;
				TargetAttributes = {
					F40FD3D91D6EE72400A6CC2D = {
						CreatedOnToolsVersion = 7.3.1;
					};
				};
			};
			buildConfigurationList = F40FD3D51D6EE72400A6CC2D /* Build configuration list for PBXProject "English4Kids" */;
			compatibilityVersion = "Xcode 3.2";
			developmentRegion = English;
			hasScannedForEncodings = 0;
			knownRegions = (
				en,
				Base,
			);
			mainGroup = F40FD3D11D6EE72400A6CC2D;
			productRefGroup = F40FD3DB1D6EE72400A6CC2D /* Products */;
			projectDirPath = "";
			projectRoot = "";
			targets = (
				F40FD3D91D6EE72400A6CC2D /* English4Kids */,
			);
		};
/* End PBXProject section */

/* Begin PBXResourcesBuildPhase section */
		F40FD3D81D6EE72400A6CC2D /* Resources */ = {
			isa = PBXResourcesBuildPhase;
			buildActionMask = 2147483647;
			files = (
				F40FD3FB1D6F0F2900A6CC2D /* birthdays.png in Resources */,
				F406D5A51D6F1136004718FE /* gestures.png in Resources */,
				F40FD3FE1D6F0F2900A6CC2D /* homes.png in Resources */,
				F40FD3FD1D6F0F2900A6CC2D /* games.png in Resources */,
				F40FD3FC1D6F0F2900A6CC2D /* fruits.png in Resources */,
				F40FD3FA1D6F0F2900A6CC2D /* animals.png in Resources */,
				F40FD3F91D6F0F2900A6CC2D /* alcohol.png in Resources */,
				F40FD3E81D6EE72400A6CC2D /* LaunchScreen.storyboard in Resources */,
				F40FD3FF1D6F0F2900A6CC2D /* transportation.png in Resources */,
				F40FD3E51D6EE72400A6CC2D /* Assets.xcassets in Resources */,
				F40FD3E31D6EE72400A6CC2D /* Main.storyboard in Resources */,
				F406D5A31D6F1003004718FE /* books.png in Resources */,
			);
			runOnlyForDeploymentPostprocessing = 0;
		};
/* End PBXResourcesBuildPhase section */

/* Begin PBXSourcesBuildPhase section */
		F40FD3D61D6EE72400A6CC2D /* Sources */ = {
			isa = PBXSourcesBuildPhase;
			buildActionMask = 2147483647;
			files = (
				F40FD3DE1D6EE72400A6CC2D /* AppDelegate.swift in Sources */,
				F40FD3F01D6EE91600A6CC2D /* MasterTableVC.swift in Sources */,
			);
			runOnlyForDeploymentPostprocessing = 0;
		};
/* End PBXSourcesBuildPhase section */

/* Begin PBXVariantGroup section */
		F40FD3E11D6EE72400A6CC2D /* Main.storyboard */ = {
			isa = PBXVariantGroup;
			children = (
				F40FD3E21D6EE72400A6CC2D /* Base */,
			);
			name = Main.storyboard;
			sourceTree = "<group>";
		};
		F40FD3E61D6EE72400A6CC2D /* LaunchScreen.storyboard */ = {
			isa = PBXVariantGroup;
			children = (
				F40FD3E71D6EE72400A6CC2D /* Base */,
			);
			name = LaunchScreen.storyboard;
			sourceTree = "<group>";
		};
/* End PBXVariantGroup section */

/* Begin XCBuildConfiguration section */
		F40FD3EA1D6EE72400A6CC2D /* Debug */ = {
			isa = XCBuildConfiguration;
			buildSettings = {
				ALWAYS_SEARCH_USER_PATHS = NO;
				CLANG_ANALYZER_NONNULL = YES;
				CLANG_CXX_LANGUAGE_STANDARD = "gnu++0x";
				CLANG_CXX_LIBRARY = "libc++";
				CLANG_ENABLE_MODULES = YES;
				CLANG_ENABLE_OBJC_ARC = YES;
				CLANG_WARN_BOOL_CONVERSION = YES;
				CLANG_WARN_CONSTANT_CONVERSION = YES;
				CLANG_WARN_DIRECT_OBJC_ISA_USAGE = YES_ERROR;
				CLANG_WARN_EMPTY_BODY = YES;
				CLANG_WARN_ENUM_CONVERSION = YES;
				CLANG_WARN_INT_CONVERSION = YES;
				CLANG_WARN_OBJC_ROOT_CLASS = YES_ERROR;
				CLANG_WARN_UNREACHABLE_CODE = YES;
				CLANG_WARN__DUPLICATE_METHOD_MATCH = YES;
				"CODE_SIGN_IDENTITY[sdk=iphoneos*]" = "iPhone Developer";
				COPY_PHASE_STRIP = NO;
				DEBUG_INFORMATION_FORMAT = dwarf;
				ENABLE_STRICT_OBJC_MSGSEND = YES;
				ENABLE_TESTABILITY = YES;
				GCC_C_LANGUAGE_STANDARD = gnu99;
				GCC_DYNAMIC_NO_PIC = NO;
				GCC_NO_COMMON_BLOCKS = YES;
				GCC_OPTIMIZATION_LEVEL = 0;
				GCC_PREPROCESSOR_DEFINITIONS = (
					"DEBUG=1",
					"$(inherited)",
				);
				GCC_WARN_64_TO_32_BIT_CONVERSION = YES;
				GCC_WARN_ABOUT_RETURN_TYPE = YES_ERROR;
				GCC_WARN_UNDECLARED_SELECTOR = YES;
				GCC_WARN_UNINITIALIZED_AUTOS = YES_AGGRESSIVE;
				GCC_WARN_UNUSED_FUNCTION = YES;
				GCC_WARN_UNUSED_VARIABLE = YES;
				IPHONEOS_DEPLOYMENT_TARGET = 9.3;
				MTL_ENABLE_DEBUG_INFO = YES;
				ONLY_ACTIVE_ARCH = YES;
				SDKROOT = iphoneos;
				SWIFT_OPTIMIZATION_LEVEL = "-Onone";
			};
			name = Debug;
		};
		F40FD3EB1D6EE72400A6CC2D /* Release */ = {
			isa = XCBuildConfiguration;
			buildSettings = {
				ALWAYS_SEARCH_USER_PATHS = NO;
				CLANG_ANALYZER_NONNULL = YES;
				CLANG_CXX_LANGUAGE_STANDARD = "gnu++0x";
				CLANG_CXX_LIBRARY = "libc++";
				CLANG_ENABLE_MODULES = YES;
				CLANG_ENABLE_OBJC_ARC = YES;
				CLANG_WARN_BOOL_CONVERSION = YES;
				CLANG_WARN_CONSTANT_CONVERSION = YES;
				CLANG_WARN_DIRECT_OBJC_ISA_USAGE = YES_ERROR;
				CLANG_WARN_EMPTY_BODY = YES;
				CLANG_WARN_ENUM_CONVERSION = YES;
				CLANG_WARN_INT_CONVERSION = YES;
				CLANG_WARN_OBJC_ROOT_CLASS = YES_ERROR;
				CLANG_WARN_UNREACHABLE_CODE = YES;
				CLANG_WARN__DUPLICATE_METHOD_MATCH = YES;
				"CODE_SIGN_IDENTITY[sdk=iphoneos*]" = "iPhone Developer";
				COPY_PHASE_STRIP = NO;
				DEBUG_INFORMATION_FORMAT = "dwarf-with-dsym";
				ENABLE_NS_ASSERTIONS = NO;
				ENABLE_STRICT_OBJC_MSGSEND = YES;
				GCC_C_LANGUAGE_STANDARD = gnu99;
				GCC_NO_COMMON_BLOCKS = YES;
				GCC_WARN_64_TO_32_BIT_CONVERSION = YES;
				GCC_WARN_ABOUT_RETURN_TYPE = YES_ERROR;
				GCC_WARN_UNDECLARED_SELECTOR = YES;
				GCC_WARN_UNINITIALIZED_AUTOS = YES_AGGRESSIVE;
				GCC_WARN_UNUSED_FUNCTION = YES;
				GCC_WARN_UNUSED_VARIABLE = YES;
				IPHONEOS_DEPLOYMENT_TARGET = 9.3;
				MTL_ENABLE_DEBUG_INFO = NO;
				SDKROOT = iphoneos;
				VALIDATE_PRODUCT = YES;
			};
			name = Release;
		};
		F40FD3ED1D6EE72400A6CC2D /* Debug */ = {
			isa = XCBuildConfiguration;
			buildSettings = {
				ASSETCATALOG_COMPILER_APPICON_NAME = AppIcon;
				INFOPLIST_FILE = English4Kids/Info.plist;
				LD_RUNPATH_SEARCH_PATHS = "$(inherited) @executable_path/Frameworks";
				PRODUCT_BUNDLE_IDENTIFIER = gdg.demo.English4Kids;
				PRODUCT_NAME = "$(TARGET_NAME)";
			};
			name = Debug;
		};
		F40FD3EE1D6EE72400A6CC2D /* Release */ = {
			isa = XCBuildConfiguration;
			buildSettings = {
				ASSETCATALOG_COMPILER_APPICON_NAME = AppIcon;
				INFOPLIST_FILE = English4Kids/Info.plist;
				LD_RUNPATH_SEARCH_PATHS = "$(inherited) @executable_path/Frameworks";
				PRODUCT_BUNDLE_IDENTIFIER = gdg.demo.English4Kids;
				PRODUCT_NAME = "$(TARGET_NAME)";
			};
			name = Release;
		};
/* End XCBuildConfiguration section */

/* Begin XCConfigurationList section */
		F40FD3D51D6EE72400A6CC2D /* Build configuration list for PBXProject "English4Kids" */ = {
			isa = XCConfigurationList;
			buildConfigurations = (
				F40FD3EA1D6EE72400A6CC2D /* Debug */,
				F40FD3EB1D6EE72400A6CC2D /* Release */,
			);
			defaultConfigurationIsVisible = 0;
			defaultConfigurationName = Release;
		};
		F40FD3EC1D6EE72400A6CC2D /* Build configuration list for PBXNativeTarget "English4Kids" */ = {
			isa = XCConfigurationList;
			buildConfigurations = (
				F40FD3ED1D6EE72400A6CC2D /* Debug */,
				F40FD3EE1D6EE72400A6CC2D /* Release */,
			);
			defaultConfigurationIsVisible = 0;
			defaultConfigurationName = Release;
		};
/* End XCConfigurationList section */
	};
	rootObject = F40FD3D21D6EE72400A6CC2D /* Project object */;
}
